// !$*UTF8*$!
{
	archiveVersion = 1;
	classes = {
	};
	objectVersion = 50;
	objects = {

/* Begin PBXBuildFile section */
		CB666C96237D3B4400F5CF7B /* AppDelegate.swift in Sources */ = {isa = PBXBuildFile; fileRef = CB666C95237D3B4400F5CF7B /* AppDelegate.swift */; };
		CB666C98237D3B4400F5CF7B /* SceneDelegate.swift in Sources */ = {isa = PBXBuildFile; fileRef = CB666C97237D3B4400F5CF7B /* SceneDelegate.swift */; };
		CB666C9A237D3B4400F5CF7B /* ViewController.swift in Sources */ = {isa = PBXBuildFile; fileRef = CB666C99237D3B4400F5CF7B /* ViewController.swift */; };
		CB666C9D237D3B4400F5CF7B /* Main.storyboard in Resources */ = {isa = PBXBuildFile; fileRef = CB666C9B237D3B4400F5CF7B /* Main.storyboard */; };
		CB666C9F237D3B4700F5CF7B /* Assets.xcassets in Resources */ = {isa = PBXBuildFile; fileRef = CB666C9E237D3B4700F5CF7B /* Assets.xcassets */; };
		CB666CA2237D3B4700F5CF7B /* LaunchScreen.storyboard in Resources */ = {isa = PBXBuildFile; fileRef = CB666CA0237D3B4700F5CF7B /* LaunchScreen.storyboard */; };
		CB666CAD237D3B4700F5CF7B /* Feather_Journal_BaseTests.swift in Sources */ = {isa = PBXBuildFile; fileRef = CB666CAC237D3B4700F5CF7B /* Feather_Journal_BaseTests.swift */; };
		CB666CB8237D3B4700F5CF7B /* Feather_Journal_BaseUITests.swift in Sources */ = {isa = PBXBuildFile; fileRef = CB666CB7237D3B4700F5CF7B /* Feather_Journal_BaseUITests.swift */; };
		CB666CCA237D4B0C00F5CF7B /* CreateEntry.swift in Sources */ = {isa = PBXBuildFile; fileRef = CB666CC9237D4B0C00F5CF7B /* CreateEntry.swift */; };
		CB666CCC237D5EE300F5CF7B /* EntryDetails.swift in Sources */ = {isa = PBXBuildFile; fileRef = CB666CCB237D5EE300F5CF7B /* EntryDetails.swift */; };
/* End PBXBuildFile section */

/* Begin PBXContainerItemProxy section */
		CB666CA9237D3B4700F5CF7B /* PBXContainerItemProxy */ = {
			isa = PBXContainerItemProxy;
			containerPortal = CB666C8A237D3B4400F5CF7B /* Project object */;
			proxyType = 1;
			remoteGlobalIDString = CB666C91237D3B4400F5CF7B;
			remoteInfo = "Feather Journal Base";
		};
		CB666CB4237D3B4700F5CF7B /* PBXContainerItemProxy */ = {
			isa = PBXContainerItemProxy;
			containerPortal = CB666C8A237D3B4400F5CF7B /* Project object */;
			proxyType = 1;
			remoteGlobalIDString = CB666C91237D3B4400F5CF7B;
			remoteInfo = "Feather Journal Base";
		};
/* End PBXContainerItemProxy section */

/* Begin PBXFileReference section */
		CB666C92237D3B4400F5CF7B /* Feather Journal Base.app */ = {isa = PBXFileReference; explicitFileType = wrapper.application; includeInIndex = 0; path = "Feather Journal Base.app"; sourceTree = BUILT_PRODUCTS_DIR; };
		CB666C95237D3B4400F5CF7B /* AppDelegate.swift */ = {isa = PBXFileReference; lastKnownFileType = sourcecode.swift; path = AppDelegate.swift; sourceTree = "<group>"; };
		CB666C97237D3B4400F5CF7B /* SceneDelegate.swift */ = {isa = PBXFileReference; lastKnownFileType = sourcecode.swift; path = SceneDelegate.swift; sourceTree = "<group>"; };
		CB666C99237D3B4400F5CF7B /* ViewController.swift */ = {isa = PBXFileReference; lastKnownFileType = sourcecode.swift; path = ViewController.swift; sourceTree = "<group>"; };
		CB666C9C237D3B4400F5CF7B /* Base */ = {isa = PBXFileReference; lastKnownFileType = file.storyboard; name = Base; path = Base.lproj/Main.storyboard; sourceTree = "<group>"; };
		CB666C9E237D3B4700F5CF7B /* Assets.xcassets */ = {isa = PBXFileReference; lastKnownFileType = folder.assetcatalog; path = Assets.xcassets; sourceTree = "<group>"; };
		CB666CA1237D3B4700F5CF7B /* Base */ = {isa = PBXFileReference; lastKnownFileType = file.storyboard; name = Base; path = Base.lproj/LaunchScreen.storyboard; sourceTree = "<group>"; };
		CB666CA3237D3B4700F5CF7B /* Info.plist */ = {isa = PBXFileReference; lastKnownFileType = text.plist.xml; path = Info.plist; sourceTree = "<group>"; };
		CB666CA8237D3B4700F5CF7B /* Feather Journal BaseTests.xctest */ = {isa = PBXFileReference; explicitFileType = wrapper.cfbundle; includeInIndex = 0; path = "Feather Journal BaseTests.xctest"; sourceTree = BUILT_PRODUCTS_DIR; };
		CB666CAC237D3B4700F5CF7B /* Feather_Journal_BaseTests.swift */ = {isa = PBXFileReference; lastKnownFileType = sourcecode.swift; path = Feather_Journal_BaseTests.swift; sourceTree = "<group>"; };
		CB666CAE237D3B4700F5CF7B /* Info.plist */ = {isa = PBXFileReference; lastKnownFileType = text.plist.xml; path = Info.plist; sourceTree = "<group>"; };
		CB666CB3237D3B4700F5CF7B /* Feather Journal BaseUITests.xctest */ = {isa = PBXFileReference; explicitFileType = wrapper.cfbundle; includeInIndex = 0; path = "Feather Journal BaseUITests.xctest"; sourceTree = BUILT_PRODUCTS_DIR; };
		CB666CB7237D3B4700F5CF7B /* Feather_Journal_BaseUITests.swift */ = {isa = PBXFileReference; lastKnownFileType = sourcecode.swift; path = Feather_Journal_BaseUITests.swift; sourceTree = "<group>"; };
		CB666CB9237D3B4700F5CF7B /* Info.plist */ = {isa = PBXFileReference; lastKnownFileType = text.plist.xml; path = Info.plist; sourceTree = "<group>"; };
		CB666CC9237D4B0C00F5CF7B /* CreateEntry.swift */ = {isa = PBXFileReference; lastKnownFileType = sourcecode.swift; path = CreateEntry.swift; sourceTree = "<group>"; };
		CB666CCB237D5EE300F5CF7B /* EntryDetails.swift */ = {isa = PBXFileReference; lastKnownFileType = sourcecode.swift; path = EntryDetails.swift; sourceTree = "<group>"; };
/* End PBXFileReference section */

/* Begin PBXFrameworksBuildPhase section */
		CB666C8F237D3B4400F5CF7B /* Frameworks */ = {
			isa = PBXFrameworksBuildPhase;
			buildActionMask = 2147483647;
			files = (
			);
			runOnlyForDeploymentPostprocessing = 0;
		};
		CB666CA5237D3B4700F5CF7B /* Frameworks */ = {
			isa = PBXFrameworksBuildPhase;
			buildActionMask = 2147483647;
			files = (
			);
			runOnlyForDeploymentPostprocessing = 0;
		};
		CB666CB0237D3B4700F5CF7B /* Frameworks */ = {
			isa = PBXFrameworksBuildPhase;
			buildActionMask = 2147483647;
			files = (
			);
			runOnlyForDeploymentPostprocessing = 0;
		};
/* End PBXFrameworksBuildPhase section */

/* Begin PBXGroup section */
		CB666C89237D3B4400F5CF7B = {
			isa = PBXGroup;
			children = (
				CB666C94237D3B4400F5CF7B /* Feather Journal Base */,
				CB666CAB237D3B4700F5CF7B /* Feather Journal BaseTests */,
				CB666CB6237D3B4700F5CF7B /* Feather Journal BaseUITests */,
				CB666C93237D3B4400F5CF7B /* Products */,
			);
			sourceTree = "<group>";
		};
		CB666C93237D3B4400F5CF7B /* Products */ = {
			isa = PBXGroup;
			children = (
				CB666C92237D3B4400F5CF7B /* Feather Journal Base.app */,
				CB666CA8237D3B4700F5CF7B /* Feather Journal BaseTests.xctest */,
				CB666CB3237D3B4700F5CF7B /* Feather Journal BaseUITests.xctest */,
			);
			name = Products;
			sourceTree = "<group>";
		};
		CB666C94237D3B4400F5CF7B /* Feather Journal Base */ = {
			isa = PBXGroup;
			children = (
				CB666C95237D3B4400F5CF7B /* AppDelegate.swift */,
				CB666C97237D3B4400F5CF7B /* SceneDelegate.swift */,
				CB666C99237D3B4400F5CF7B /* ViewController.swift */,
				CB666CC9237D4B0C00F5CF7B /* CreateEntry.swift */,
				CB666C9B237D3B4400F5CF7B /* Main.storyboard */,
				CB666CCB237D5EE300F5CF7B /* EntryDetails.swift */,
				CB666C9E237D3B4700F5CF7B /* Assets.xcassets */,
				CB666CA0237D3B4700F5CF7B /* LaunchScreen.storyboard */,
				CB666CA3237D3B4700F5CF7B /* Info.plist */,
			);
			path = "Feather Journal Base";
			sourceTree = "<group>";
		};
		CB666CAB237D3B4700F5CF7B /* Feather Journal BaseTests */ = {
			isa = PBXGroup;
			children = (
				CB666CAC237D3B4700F5CF7B /* Feather_Journal_BaseTests.swift */,
				CB666CAE237D3B4700F5CF7B /* Info.plist */,
			);
			path = "Feather Journal BaseTests";
			sourceTree = "<group>";
		};
		CB666CB6237D3B4700F5CF7B /* Feather Journal BaseUITests */ = {
			isa = PBXGroup;
			children = (
				CB666CB7237D3B4700F5CF7B /* Feather_Journal_BaseUITests.swift */,
				CB666CB9237D3B4700F5CF7B /* Info.plist */,
			);
			path = "Feather Journal BaseUITests";
			sourceTree = "<group>";
		};
/* End PBXGroup section */

/* Begin PBXNativeTarget section */
		CB666C91237D3B4400F5CF7B /* Feather Journal Base */ = {
			isa = PBXNativeTarget;
			buildConfigurationList = CB666CBC237D3B4700F5CF7B /* Build configuration list for PBXNativeTarget "Feather Journal Base" */;
			buildPhases = (
				CB666C8E237D3B4400F5CF7B /* Sources */,
				CB666C8F237D3B4400F5CF7B /* Frameworks */,
				CB666C90237D3B4400F5CF7B /* Resources */,
			);
			buildRules = (
			);
			dependencies = (
			);
			name = "Feather Journal Base";
			productName = "Feather Journal Base";
			productReference = CB666C92237D3B4400F5CF7B /* Feather Journal Base.app */;
			productType = "com.apple.product-type.application";
		};
		CB666CA7237D3B4700F5CF7B /* Feather Journal BaseTests */ = {
			isa = PBXNativeTarget;
			buildConfigurationList = CB666CBF237D3B4700F5CF7B /* Build configuration list for PBXNativeTarget "Feather Journal BaseTests" */;
			buildPhases = (
				CB666CA4237D3B4700F5CF7B /* Sources */,
				CB666CA5237D3B4700F5CF7B /* Frameworks */,
				CB666CA6237D3B4700F5CF7B /* Resources */,
			);
			buildRules = (
			);
			dependencies = (
				CB666CAA237D3B4700F5CF7B /* PBXTargetDependency */,
			);
			name = "Feather Journal BaseTests";
			productName = "Feather Journal BaseTests";
			productReference = CB666CA8237D3B4700F5CF7B /* Feather Journal BaseTests.xctest */;
			productType = "com.apple.product-type.bundle.unit-test";
		};
		CB666CB2237D3B4700F5CF7B /* Feather Journal BaseUITests */ = {
			isa = PBXNativeTarget;
			buildConfigurationList = CB666CC2237D3B4700F5CF7B /* Build configuration list for PBXNativeTarget "Feather Journal BaseUITests" */;
			buildPhases = (
				CB666CAF237D3B4700F5CF7B /* Sources */,
				CB666CB0237D3B4700F5CF7B /* Frameworks */,
				CB666CB1237D3B4700F5CF7B /* Resources */,
			);
			buildRules = (
			);
			dependencies = (
				CB666CB5237D3B4700F5CF7B /* PBXTargetDependency */,
			);
			name = "Feather Journal BaseUITests";
			productName = "Feather Journal BaseUITests";
			productReference = CB666CB3237D3B4700F5CF7B /* Feather Journal BaseUITests.xctest */;
			productType = "com.apple.product-type.bundle.ui-testing";
		};
/* End PBXNativeTarget section */

/* Begin PBXProject section */
		CB666C8A237D3B4400F5CF7B /* Project object */ = {
			isa = PBXProject;
			attributes = {
				LastSwiftUpdateCheck = 1110;
				LastUpgradeCheck = 1110;
				ORGANIZATIONNAME = Feather;
				TargetAttributes = {
					CB666C91237D3B4400F5CF7B = {
						CreatedOnToolsVersion = 11.1;
					};
					CB666CA7237D3B4700F5CF7B = {
						CreatedOnToolsVersion = 11.1;
						TestTargetID = CB666C91237D3B4400F5CF7B;
					};
					CB666CB2237D3B4700F5CF7B = {
						CreatedOnToolsVersion = 11.1;
						TestTargetID = CB666C91237D3B4400F5CF7B;
					};
				};
			};
			buildConfigurationList = CB666C8D237D3B4400F5CF7B /* Build configuration list for PBXProject "Feather Journal Base" */;
			compatibilityVersion = "Xcode 9.3";
			developmentRegion = en;
			hasScannedForEncodings = 0;
			knownRegions = (
				en,
				Base,
			);
			mainGroup = CB666C89237D3B4400F5CF7B;
			productRefGroup = CB666C93237D3B4400F5CF7B /* Products */;
			projectDirPath = "";
			projectRoot = "";
			targets = (
				CB666C91237D3B4400F5CF7B /* Feather Journal Base */,
				CB666CA7237D3B4700F5CF7B /* Feather Journal BaseTests */,
				CB666CB2237D3B4700F5CF7B /* Feather Journal BaseUITests */,
			);
		};
/* End PBXProject section */

/* Begin PBXResourcesBuildPhase section */
		CB666C90237D3B4400F5CF7B /* Resources */ = {
			isa = PBXResourcesBuildPhase;
			buildActionMask = 2147483647;
			files = (
				CB666CA2237D3B4700F5CF7B /* LaunchScreen.storyboard in Resources */,
				CB666C9F237D3B4700F5CF7B /* Assets.xcassets in Resources */,
				CB666C9D237D3B4400F5CF7B /* Main.storyboard in Resources */,
			);
			runOnlyForDeploymentPostprocessing = 0;
		};
		CB666CA6237D3B4700F5CF7B /* Resources */ = {
			isa = PBXResourcesBuildPhase;
			buildActionMask = 2147483647;
			files = (
			);
			runOnlyForDeploymentPostprocessing = 0;
		};
		CB666CB1237D3B4700F5CF7B /* Resources */ = {
			isa = PBXResourcesBuildPhase;
			buildActionMask = 2147483647;
			files = (
			);
			runOnlyForDeploymentPostprocessing = 0;
		};
/* End PBXResourcesBuildPhase section */

/* Begin PBXSourcesBuildPhase section */
		CB666C8E237D3B4400F5CF7B /* Sources */ = {
			isa = PBXSourcesBuildPhase;
			buildActionMask = 2147483647;
			files = (
				CB666C9A237D3B4400F5CF7B /* ViewController.swift in Sources */,
				CB666C96237D3B4400F5CF7B /* AppDelegate.swift in Sources */,
				CB666CCA237D4B0C00F5CF7B /* CreateEntry.swift in Sources */,
				CB666C98237D3B4400F5CF7B /* SceneDelegate.swift in Sources */,
				CB666CCC237D5EE300F5CF7B /* EntryDetails.swift in Sources */,
			);
			runOnlyForDeploymentPostprocessing = 0;
		};
		CB666CA4237D3B4700F5CF7B /* Sources */ = {
			isa = PBXSourcesBuildPhase;
			buildActionMask = 2147483647;
			files = (
				CB666CAD237D3B4700F5CF7B /* Feather_Journal_BaseTests.swift in Sources */,
			);
			runOnlyForDeploymentPostprocessing = 0;
		};
		CB666CAF237D3B4700F5CF7B /* Sources */ = {
			isa = PBXSourcesBuildPhase;
			buildActionMask = 2147483647;
			files = (
				CB666CB8237D3B4700F5CF7B /* Feather_Journal_BaseUITests.swift in Sources */,
			);
			runOnlyForDeploymentPostprocessing = 0;
		};
/* End PBXSourcesBuildPhase section */

/* Begin PBXTargetDependency section */
		CB666CAA237D3B4700F5CF7B /* PBXTargetDependency */ = {
			isa = PBXTargetDependency;
			target = CB666C91237D3B4400F5CF7B /* Feather Journal Base */;
			targetProxy = CB666CA9237D3B4700F5CF7B /* PBXContainerItemProxy */;
		};
		CB666CB5237D3B4700F5CF7B /* PBXTargetDependency */ = {
			isa = PBXTargetDependency;
			target = CB666C91237D3B4400F5CF7B /* Feather Journal Base */;
			targetProxy = CB666CB4237D3B4700F5CF7B /* PBXContainerItemProxy */;
		};
/* End PBXTargetDependency section */

/* Begin PBXVariantGroup section */
		CB666C9B237D3B4400F5CF7B /* Main.storyboard */ = {
			isa = PBXVariantGroup;
			children = (
				CB666C9C237D3B4400F5CF7B /* Base */,
			);
			name = Main.storyboard;
			sourceTree = "<group>";
		};
		CB666CA0237D3B4700F5CF7B /* LaunchScreen.storyboard */ = {
			isa = PBXVariantGroup;
			children = (
				CB666CA1237D3B4700F5CF7B /* Base */,
			);
			name = LaunchScreen.storyboard;
			sourceTree = "<group>";
		};
/* End PBXVariantGroup section */

/* Begin XCBuildConfiguration section */
		CB666CBA237D3B4700F5CF7B /* Debug */ = {
			isa = XCBuildConfiguration;
			buildSettings = {
				ALWAYS_SEARCH_USER_PATHS = NO;
				CLANG_ANALYZER_NONNULL = YES;
				CLANG_ANALYZER_NUMBER_OBJECT_CONVERSION = YES_AGGRESSIVE;
				CLANG_CXX_LANGUAGE_STANDARD = "gnu++14";
				CLANG_CXX_LIBRARY = "libc++";
				CLANG_ENABLE_MODULES = YES;
				CLANG_ENABLE_OBJC_ARC = YES;
				CLANG_ENABLE_OBJC_WEAK = YES;
				CLANG_WARN_BLOCK_CAPTURE_AUTORELEASING = YES;
				CLANG_WARN_BOOL_CONVERSION = YES;
				CLANG_WARN_COMMA = YES;
				CLANG_WARN_CONSTANT_CONVERSION = YES;
				CLANG_WARN_DEPRECATED_OBJC_IMPLEMENTATIONS = YES;
				CLANG_WARN_DIRECT_OBJC_ISA_USAGE = YES_ERROR;
				CLANG_WARN_DOCUMENTATION_COMMENTS = YES;
				CLANG_WARN_EMPTY_BODY = YES;
				CLANG_WARN_ENUM_CONVERSION = YES;
				CLANG_WARN_INFINITE_RECURSION = YES;
				CLANG_WARN_INT_CONVERSION = YES;
				CLANG_WARN_NON_LITERAL_NULL_CONVERSION = YES;
				CLANG_WARN_OBJC_IMPLICIT_RETAIN_SELF = YES;
				CLANG_WARN_OBJC_LITERAL_CONVERSION = YES;
				CLANG_WARN_OBJC_ROOT_CLASS = YES_ERROR;
				CLANG_WARN_RANGE_LOOP_ANALYSIS = YES;
				CLANG_WARN_STRICT_PROTOTYPES = YES;
				CLANG_WARN_SUSPICIOUS_MOVE = YES;
				CLANG_WARN_UNGUARDED_AVAILABILITY = YES_AGGRESSIVE;
				CLANG_WARN_UNREACHABLE_CODE = YES;
				CLANG_WARN__DUPLICATE_METHOD_MATCH = YES;
				COPY_PHASE_STRIP = NO;
				DEBUG_INFORMATION_FORMAT = dwarf;
				ENABLE_STRICT_OBJC_MSGSEND = YES;
				ENABLE_TESTABILITY = YES;
				GCC_C_LANGUAGE_STANDARD = gnu11;
				GCC_DYNAMIC_NO_PIC = NO;
				GCC_NO_COMMON_BLOCKS = YES;
				GCC_OPTIMIZATION_LEVEL = 0;
				GCC_PREPROCESSOR_DEFINITIONS = (
					"DEBUG=1",
					"$(inherited)",
				);
				GCC_WARN_64_TO_32_BIT_CONVERSION = YES;
				GCC_WARN_ABOUT_RETURN_TYPE = YES_ERROR;
				GCC_WARN_UNDECLARED_SELECTOR = YES;
				GCC_WARN_UNINITIALIZED_AUTOS = YES_AGGRESSIVE;
				GCC_WARN_UNUSED_FUNCTION = YES;
				GCC_WARN_UNUSED_VARIABLE = YES;
				IPHONEOS_DEPLOYMENT_TARGET = 13.1;
				MTL_ENABLE_DEBUG_INFO = INCLUDE_SOURCE;
				MTL_FAST_MATH = YES;
				ONLY_ACTIVE_ARCH = YES;
				SDKROOT = iphoneos;
				SWIFT_ACTIVE_COMPILATION_CONDITIONS = DEBUG;
				SWIFT_OPTIMIZATION_LEVEL = "-Onone";
			};
			name = Debug;
		};
		CB666CBB237D3B4700F5CF7B /* Release */ = {
			isa = XCBuildConfiguration;
			buildSettings = {
				ALWAYS_SEARCH_USER_PATHS = NO;
				CLANG_ANALYZER_NONNULL = YES;
				CLANG_ANALYZER_NUMBER_OBJECT_CONVERSION = YES_AGGRESSIVE;
				CLANG_CXX_LANGUAGE_STANDARD = "gnu++14";
				CLANG_CXX_LIBRARY = "libc++";
				CLANG_ENABLE_MODULES = YES;
				CLANG_ENABLE_OBJC_ARC = YES;
				CLANG_ENABLE_OBJC_WEAK = YES;
				CLANG_WARN_BLOCK_CAPTURE_AUTORELEASING = YES;
				CLANG_WARN_BOOL_CONVERSION = YES;
				CLANG_WARN_COMMA = YES;
				CLANG_WARN_CONSTANT_CONVERSION = YES;
				CLANG_WARN_DEPRECATED_OBJC_IMPLEMENTATIONS = YES;
				CLANG_WARN_DIRECT_OBJC_ISA_USAGE = YES_ERROR;
				CLANG_WARN_DOCUMENTATION_COMMENTS = YES;
				CLANG_WARN_EMPTY_BODY = YES;
				CLANG_WARN_ENUM_CONVERSION = YES;
				CLANG_WARN_INFINITE_RECURSION = YES;
				CLANG_WARN_INT_CONVERSION = YES;
				CLANG_WARN_NON_LITERAL_NULL_CONVERSION = YES;
				CLANG_WARN_OBJC_IMPLICIT_RETAIN_SELF = YES;
				CLANG_WARN_OBJC_LITERAL_CONVERSION = YES;
				CLANG_WARN_OBJC_ROOT_CLASS = YES_ERROR;
				CLANG_WARN_RANGE_LOOP_ANALYSIS = YES;
				CLANG_WARN_STRICT_PROTOTYPES = YES;
				CLANG_WARN_SUSPICIOUS_MOVE = YES;
				CLANG_WARN_UNGUARDED_AVAILABILITY = YES_AGGRESSIVE;
				CLANG_WARN_UNREACHABLE_CODE = YES;
				CLANG_WARN__DUPLICATE_METHOD_MATCH = YES;
				COPY_PHASE_STRIP = NO;
				DEBUG_INFORMATION_FORMAT = "dwarf-with-dsym";
				ENABLE_NS_ASSERTIONS = NO;
				ENABLE_STRICT_OBJC_MSGSEND = YES;
				GCC_C_LANGUAGE_STANDARD = gnu11;
				GCC_NO_COMMON_BLOCKS = YES;
				GCC_WARN_64_TO_32_BIT_CONVERSION = YES;
				GCC_WARN_ABOUT_RETURN_TYPE = YES_ERROR;
				GCC_WARN_UNDECLARED_SELECTOR = YES;
				GCC_WARN_UNINITIALIZED_AUTOS = YES_AGGRESSIVE;
				GCC_WARN_UNUSED_FUNCTION = YES;
				GCC_WARN_UNUSED_VARIABLE = YES;
				IPHONEOS_DEPLOYMENT_TARGET = 13.1;
				MTL_ENABLE_DEBUG_INFO = NO;
				MTL_FAST_MATH = YES;
				SDKROOT = iphoneos;
				SWIFT_COMPILATION_MODE = wholemodule;
				SWIFT_OPTIMIZATION_LEVEL = "-O";
				VALIDATE_PRODUCT = YES;
			};
			name = Release;
		};
		CB666CBD237D3B4700F5CF7B /* Debug */ = {
			isa = XCBuildConfiguration;
			buildSettings = {
				ASSETCATALOG_COMPILER_APPICON_NAME = AppIcon;
				CODE_SIGN_STYLE = Automatic;
				DEVELOPMENT_TEAM = UY6826XJ7V;
				INFOPLIST_FILE = "Feather Journal Base/Info.plist";
				LD_RUNPATH_SEARCH_PATHS = (
					"$(inherited)",
					"@executable_path/Frameworks",
				);
				PRODUCT_BUNDLE_IDENTIFIER = "csc308-309.Feather-Journal-Base";
				PRODUCT_NAME = "$(TARGET_NAME)";
				SWIFT_VERSION = 5.0;
				TARGETED_DEVICE_FAMILY = "1,2";
			};
			name = Debug;
		};
		CB666CBE237D3B4700F5CF7B /* Release */ = {
			isa = XCBuildConfiguration;
			buildSettings = {
				ASSETCATALOG_COMPILER_APPICON_NAME = AppIcon;
				CODE_SIGN_STYLE = Automatic;
				DEVELOPMENT_TEAM = UY6826XJ7V;
				INFOPLIST_FILE = "Feather Journal Base/Info.plist";
				LD_RUNPATH_SEARCH_PATHS = (
					"$(inherited)",
					"@executable_path/Frameworks",
				);
				PRODUCT_BUNDLE_IDENTIFIER = "csc308-309.Feather-Journal-Base";
				PRODUCT_NAME = "$(TARGET_NAME)";
				SWIFT_VERSION = 5.0;
				TARGETED_DEVICE_FAMILY = "1,2";
			};
			name = Release;
		};
		CB666CC0237D3B4700F5CF7B /* Debug */ = {
			isa = XCBuildConfiguration;
			buildSettings = {
				ALWAYS_EMBED_SWIFT_STANDARD_LIBRARIES = YES;
				BUNDLE_LOADER = "$(TEST_HOST)";
				CODE_SIGN_STYLE = Automatic;
				DEVELOPMENT_TEAM = UY6826XJ7V;
				INFOPLIST_FILE = "Feather Journal BaseTests/Info.plist";
				IPHONEOS_DEPLOYMENT_TARGET = 13.1;
				LD_RUNPATH_SEARCH_PATHS = (
					"$(inherited)",
					"@executable_path/Frameworks",
					"@loader_path/Frameworks",
				);
				PRODUCT_BUNDLE_IDENTIFIER = "csc308-309.Feather-Journal-BaseTests";
				PRODUCT_NAME = "$(TARGET_NAME)";
				SWIFT_VERSION = 5.0;
				TARGETED_DEVICE_FAMILY = "1,2";
				TEST_HOST = "$(BUILT_PRODUCTS_DIR)/Feather Journal Base.app/Feather Journal Base";
			};
			name = Debug;
		};
		CB666CC1237D3B4700F5CF7B /* Release */ = {
			isa = XCBuildConfiguration;
			buildSettings = {
				ALWAYS_EMBED_SWIFT_STANDARD_LIBRARIES = YES;
				BUNDLE_LOADER = "$(TEST_HOST)";
				CODE_SIGN_STYLE = Automatic;
				DEVELOPMENT_TEAM = UY6826XJ7V;
				INFOPLIST_FILE = "Feather Journal BaseTests/Info.plist";
				IPHONEOS_DEPLOYMENT_TARGET = 13.1;
				LD_RUNPATH_SEARCH_PATHS = (
					"$(inherited)",
					"@executable_path/Frameworks",
					"@loader_path/Frameworks",
				);
				PRODUCT_BUNDLE_IDENTIFIER = "csc308-309.Feather-Journal-BaseTests";
				PRODUCT_NAME = "$(TARGET_NAME)";
				SWIFT_VERSION = 5.0;
				TARGETED_DEVICE_FAMILY = "1,2";
				TEST_HOST = "$(BUILT_PRODUCTS_DIR)/Feather Journal Base.app/Feather Journal Base";
			};
			name = Release;
		};
		CB666CC3237D3B4700F5CF7B /* Debug */ = {
			isa = XCBuildConfiguration;
			buildSettings = {
				ALWAYS_EMBED_SWIFT_STANDARD_LIBRARIES = YES;
				CODE_SIGN_STYLE = Automatic;
				DEVELOPMENT_TEAM = UY6826XJ7V;
				INFOPLIST_FILE = "Feather Journal BaseUITests/Info.plist";
				LD_RUNPATH_SEARCH_PATHS = (
					"$(inherited)",
					"@executable_path/Frameworks",
					"@loader_path/Frameworks",
				);
				PRODUCT_BUNDLE_IDENTIFIER = "csc308-309.Feather-Journal-BaseUITests";
				PRODUCT_NAME = "$(TARGET_NAME)";
				SWIFT_VERSION = 5.0;
				TARGETED_DEVICE_FAMILY = "1,2";
				TEST_TARGET_NAME = "Feather Journal Base";
			};
			name = Debug;
		};
		CB666CC4237D3B4700F5CF7B /* Release */ = {
			isa = XCBuildConfiguration;
			buildSettings = {
				ALWAYS_EMBED_SWIFT_STANDARD_LIBRARIES = YES;
				CODE_SIGN_STYLE = Automatic;
				DEVELOPMENT_TEAM = UY6826XJ7V;
				INFOPLIST_FILE = "Feather Journal BaseUITests/Info.plist";
				LD_RUNPATH_SEARCH_PATHS = (
					"$(inherited)",
					"@executable_path/Frameworks",
					"@loader_path/Frameworks",
				);
				PRODUCT_BUNDLE_IDENTIFIER = "csc308-309.Feather-Journal-BaseUITests";
				PRODUCT_NAME = "$(TARGET_NAME)";
				SWIFT_VERSION = 5.0;
				TARGETED_DEVICE_FAMILY = "1,2";
				TEST_TARGET_NAME = "Feather Journal Base";
			};
			name = Release;
		};
/* End XCBuildConfiguration section */

/* Begin XCConfigurationList section */
		CB666C8D237D3B4400F5CF7B /* Build configuration list for PBXProject "Feather Journal Base" */ = {
			isa = XCConfigurationList;
			buildConfigurations = (
				CB666CBA237D3B4700F5CF7B /* Debug */,
				CB666CBB237D3B4700F5CF7B /* Release */,
			);
			defaultConfigurationIsVisible = 0;
			defaultConfigurationName = Release;
		};
		CB666CBC237D3B4700F5CF7B /* Build configuration list for PBXNativeTarget "Feather Journal Base" */ = {
			isa = XCConfigurationList;
			buildConfigurations = (
				CB666CBD237D3B4700F5CF7B /* Debug */,
				CB666CBE237D3B4700F5CF7B /* Release */,
			);
			defaultConfigurationIsVisible = 0;
			defaultConfigurationName = Release;
		};
		CB666CBF237D3B4700F5CF7B /* Build configuration list for PBXNativeTarget "Feather Journal BaseTests" */ = {
			isa = XCConfigurationList;
			buildConfigurations = (
				CB666CC0237D3B4700F5CF7B /* Debug */,
				CB666CC1237D3B4700F5CF7B /* Release */,
			);
			defaultConfigurationIsVisible = 0;
			defaultConfigurationName = Release;
		};
		CB666CC2237D3B4700F5CF7B /* Build configuration list for PBXNativeTarget "Feather Journal BaseUITests" */ = {
			isa = XCConfigurationList;
			buildConfigurations = (
				CB666CC3237D3B4700F5CF7B /* Debug */,
				CB666CC4237D3B4700F5CF7B /* Release */,
			);
			defaultConfigurationIsVisible = 0;
			defaultConfigurationName = Release;
		};
/* End XCConfigurationList section */
	};
	rootObject = CB666C8A237D3B4400F5CF7B /* Project object */;
}
