// !$*UTF8*$!
{
	archiveVersion = 1;
	classes = {
	};
	objectVersion = 51;
	objects = {

/* Begin PBXBuildFile section */
		0F23459B7B846DD797784B06 /* Pods_Feather.framework in Frameworks */ = {isa = PBXBuildFile; fileRef = 02683F3C3864E48C51841B57 /* Pods_Feather.framework */; };
		424194EA73F56C55864F67D4 /* Pods_FeatherTests.framework in Frameworks */ = {isa = PBXBuildFile; fileRef = 7F7B236B6727CB25F13D2FAC /* Pods_FeatherTests.framework */; };
		B42B9FDD239889D9006356EA /* Allergies.swift in Sources */ = {isa = PBXBuildFile; fileRef = B42B9FDC239889D9006356EA /* Allergies.swift */; };
		B47063052398B4AE00A5DC43 /* BadProducts.swift in Sources */ = {isa = PBXBuildFile; fileRef = B47063042398B4AE00A5DC43 /* BadProducts.swift */; };
		B47D7BF4236AA44E00BA9707 /* SignUpScreen.swift in Sources */ = {isa = PBXBuildFile; fileRef = B47D7BF3236AA44E00BA9707 /* SignUpScreen.swift */; };
		B4861BBE23C6838A003BE557 /* EntryDetails.swift in Sources */ = {isa = PBXBuildFile; fileRef = B4861BBD23C6838A003BE557 /* EntryDetails.swift */; };
		B4861BC023C683A6003BE557 /* CreateEntry.swift in Sources */ = {isa = PBXBuildFile; fileRef = B4861BBF23C683A6003BE557 /* CreateEntry.swift */; };
		B4861BC223C683FC003BE557 /* JournalPage.swift in Sources */ = {isa = PBXBuildFile; fileRef = B4861BC123C683FC003BE557 /* JournalPage.swift */; };
		B4B53207236ABF8100B8304E /* Ranking.swift in Sources */ = {isa = PBXBuildFile; fileRef = B4B53206236ABF8100B8304E /* Ranking.swift */; };
		B4C4B60A23C927DD0022C6B4 /* GoogleService-Info.plist in Resources */ = {isa = PBXBuildFile; fileRef = B4C4B60923C927DD0022C6B4 /* GoogleService-Info.plist */; };
		B4C4B60B23C927DD0022C6B4 /* GoogleService-Info.plist in Resources */ = {isa = PBXBuildFile; fileRef = B4C4B60923C927DD0022C6B4 /* GoogleService-Info.plist */; };
		B4C4DE0E236789E000501A10 /* AppDelegate.swift in Sources */ = {isa = PBXBuildFile; fileRef = B4C4DE0D236789E000501A10 /* AppDelegate.swift */; };
		B4C4DE10236789E000501A10 /* SceneDelegate.swift in Sources */ = {isa = PBXBuildFile; fileRef = B4C4DE0F236789E000501A10 /* SceneDelegate.swift */; };
		B4C4DE15236789E000501A10 /* Main.storyboard in Resources */ = {isa = PBXBuildFile; fileRef = B4C4DE13236789E000501A10 /* Main.storyboard */; };
		B4C4DE17236789E100501A10 /* Assets.xcassets in Resources */ = {isa = PBXBuildFile; fileRef = B4C4DE16236789E100501A10 /* Assets.xcassets */; };
		B4C4DE1A236789E100501A10 /* LaunchScreen.storyboard in Resources */ = {isa = PBXBuildFile; fileRef = B4C4DE18236789E100501A10 /* LaunchScreen.storyboard */; };
		B4C4DE222368135000501A10 /* SkinProfile.swift in Sources */ = {isa = PBXBuildFile; fileRef = B4C4DE212368135000501A10 /* SkinProfile.swift */; };
		B4C4DE24236819FE00501A10 /* ViewController.swift in Sources */ = {isa = PBXBuildFile; fileRef = B4C4DE23236819FE00501A10 /* ViewController.swift */; };
		B4C4DE2E2369228E00501A10 /* FeatherTests.swift in Sources */ = {isa = PBXBuildFile; fileRef = B4C4DE2D2369228E00501A10 /* FeatherTests.swift */; };
		B4E6072723D99113005D2CCC /* ProductInfo.swift in Sources */ = {isa = PBXBuildFile; fileRef = B4E6072623D99113005D2CCC /* ProductInfo.swift */; };
		B4F5990923C69F4C009527A8 /* FeatherProduct.swift in Sources */ = {isa = PBXBuildFile; fileRef = B4F5990823C69F4C009527A8 /* FeatherProduct.swift */; };
		B4F5990B23C69F79009527A8 /* Constants.swift in Sources */ = {isa = PBXBuildFile; fileRef = B4F5990A23C69F79009527A8 /* Constants.swift */; };
		CBB26C3C24141E3F006DD153 /* MainMenu.swift in Sources */ = {isa = PBXBuildFile; fileRef = CBB26C3B24141E3F006DD153 /* MainMenu.swift */; };
		CBBD8D1C23D6444800E7B1E5 /* EntryCollectionViewController.swift in Sources */ = {isa = PBXBuildFile; fileRef = CBBD8D1B23D6444800E7B1E5 /* EntryCollectionViewController.swift */; };
		CBBD8D1E23D66A4A00E7B1E5 /* CollectionViewCell.swift in Sources */ = {isa = PBXBuildFile; fileRef = CBBD8D1D23D66A4A00E7B1E5 /* CollectionViewCell.swift */; };
		CBEA664C23E890970006DFB0 /* FeatherUITests.swift in Sources */ = {isa = PBXBuildFile; fileRef = CBEA664B23E890970006DFB0 /* FeatherUITests.swift */; };
		FC265D692416298E00C989BB /* MyRoutine.swift in Sources */ = {isa = PBXBuildFile; fileRef = FC265D682416298E00C989BB /* MyRoutine.swift */; };
		FC265D6B24162B4600C989BB /* AddProducts.swift in Sources */ = {isa = PBXBuildFile; fileRef = FC265D6A24162B4600C989BB /* AddProducts.swift */; };
		FCCE9A35241640390048C099 /* ProductRow.swift in Sources */ = {isa = PBXBuildFile; fileRef = FCCE9A34241640390048C099 /* ProductRow.swift */; };
/* End PBXBuildFile section */

/* Begin PBXContainerItemProxy section */
		B4C4DE302369228E00501A10 /* PBXContainerItemProxy */ = {
			isa = PBXContainerItemProxy;
			containerPortal = B4C4DE02236789E000501A10 /* Project object */;
			proxyType = 1;
			remoteGlobalIDString = B4C4DE09236789E000501A10;
			remoteInfo = Feather;
		};
		CBEA664E23E890970006DFB0 /* PBXContainerItemProxy */ = {
			isa = PBXContainerItemProxy;
			containerPortal = B4C4DE02236789E000501A10 /* Project object */;
			proxyType = 1;
			remoteGlobalIDString = B4C4DE09236789E000501A10;
			remoteInfo = Feather;
		};
/* End PBXContainerItemProxy section */

/* Begin PBXFileReference section */
		02683F3C3864E48C51841B57 /* Pods_Feather.framework */ = {isa = PBXFileReference; explicitFileType = wrapper.framework; includeInIndex = 0; path = Pods_Feather.framework; sourceTree = BUILT_PRODUCTS_DIR; };
		03FEC6B5B94F26C5F25B8EEB /* Pods-FeatherTests.debug.xcconfig */ = {isa = PBXFileReference; includeInIndex = 1; lastKnownFileType = text.xcconfig; name = "Pods-FeatherTests.debug.xcconfig"; path = "Target Support Files/Pods-FeatherTests/Pods-FeatherTests.debug.xcconfig"; sourceTree = "<group>"; };
		7BF3672429CA2D6C89AD6728 /* Pods-FeatherTests.release.xcconfig */ = {isa = PBXFileReference; includeInIndex = 1; lastKnownFileType = text.xcconfig; name = "Pods-FeatherTests.release.xcconfig"; path = "Target Support Files/Pods-FeatherTests/Pods-FeatherTests.release.xcconfig"; sourceTree = "<group>"; };
		7F7B236B6727CB25F13D2FAC /* Pods_FeatherTests.framework */ = {isa = PBXFileReference; explicitFileType = wrapper.framework; includeInIndex = 0; path = Pods_FeatherTests.framework; sourceTree = BUILT_PRODUCTS_DIR; };
		A205696437617E1BC526CDE5 /* Pods-Feather.release.xcconfig */ = {isa = PBXFileReference; includeInIndex = 1; lastKnownFileType = text.xcconfig; name = "Pods-Feather.release.xcconfig"; path = "Target Support Files/Pods-Feather/Pods-Feather.release.xcconfig"; sourceTree = "<group>"; };
		B42B9FDC239889D9006356EA /* Allergies.swift */ = {isa = PBXFileReference; lastKnownFileType = sourcecode.swift; path = Allergies.swift; sourceTree = "<group>"; };
		B47063042398B4AE00A5DC43 /* BadProducts.swift */ = {isa = PBXFileReference; lastKnownFileType = sourcecode.swift; path = BadProducts.swift; sourceTree = "<group>"; };
		B47D7BF3236AA44E00BA9707 /* SignUpScreen.swift */ = {isa = PBXFileReference; lastKnownFileType = sourcecode.swift; path = SignUpScreen.swift; sourceTree = "<group>"; };
		B4861BBD23C6838A003BE557 /* EntryDetails.swift */ = {isa = PBXFileReference; lastKnownFileType = sourcecode.swift; path = EntryDetails.swift; sourceTree = "<group>"; };
		B4861BBF23C683A6003BE557 /* CreateEntry.swift */ = {isa = PBXFileReference; lastKnownFileType = sourcecode.swift; path = CreateEntry.swift; sourceTree = "<group>"; };
		B4861BC123C683FC003BE557 /* JournalPage.swift */ = {isa = PBXFileReference; lastKnownFileType = sourcecode.swift; path = JournalPage.swift; sourceTree = "<group>"; };
		B4B53206236ABF8100B8304E /* Ranking.swift */ = {isa = PBXFileReference; lastKnownFileType = sourcecode.swift; path = Ranking.swift; sourceTree = "<group>"; };
		B4C4B60923C927DD0022C6B4 /* GoogleService-Info.plist */ = {isa = PBXFileReference; fileEncoding = 4; lastKnownFileType = text.plist.xml; path = "GoogleService-Info.plist"; sourceTree = "<group>"; };
		B4C4DE0A236789E000501A10 /* Feather.app */ = {isa = PBXFileReference; explicitFileType = wrapper.application; includeInIndex = 0; path = Feather.app; sourceTree = BUILT_PRODUCTS_DIR; };
		B4C4DE0D236789E000501A10 /* AppDelegate.swift */ = {isa = PBXFileReference; lastKnownFileType = sourcecode.swift; path = AppDelegate.swift; sourceTree = "<group>"; };
		B4C4DE0F236789E000501A10 /* SceneDelegate.swift */ = {isa = PBXFileReference; lastKnownFileType = sourcecode.swift; path = SceneDelegate.swift; sourceTree = "<group>"; };
		B4C4DE14236789E000501A10 /* Base */ = {isa = PBXFileReference; lastKnownFileType = file.storyboard; name = Base; path = Base.lproj/Main.storyboard; sourceTree = "<group>"; };
		B4C4DE16236789E100501A10 /* Assets.xcassets */ = {isa = PBXFileReference; lastKnownFileType = folder.assetcatalog; path = Assets.xcassets; sourceTree = "<group>"; };
		B4C4DE19236789E100501A10 /* Base */ = {isa = PBXFileReference; lastKnownFileType = file.storyboard; name = Base; path = Base.lproj/LaunchScreen.storyboard; sourceTree = "<group>"; };
		B4C4DE1B236789E100501A10 /* Info.plist */ = {isa = PBXFileReference; lastKnownFileType = text.plist.xml; path = Info.plist; sourceTree = "<group>"; };
		B4C4DE212368135000501A10 /* SkinProfile.swift */ = {isa = PBXFileReference; lastKnownFileType = sourcecode.swift; path = SkinProfile.swift; sourceTree = "<group>"; };
		B4C4DE23236819FE00501A10 /* ViewController.swift */ = {isa = PBXFileReference; fileEncoding = 4; lastKnownFileType = sourcecode.swift; path = ViewController.swift; sourceTree = "<group>"; };
		B4C4DE2B2369228E00501A10 /* FeatherTests.xctest */ = {isa = PBXFileReference; explicitFileType = wrapper.cfbundle; includeInIndex = 0; path = FeatherTests.xctest; sourceTree = BUILT_PRODUCTS_DIR; };
		B4C4DE2D2369228E00501A10 /* FeatherTests.swift */ = {isa = PBXFileReference; lastKnownFileType = sourcecode.swift; path = FeatherTests.swift; sourceTree = "<group>"; };
		B4C4DE2F2369228E00501A10 /* Info.plist */ = {isa = PBXFileReference; lastKnownFileType = text.plist.xml; path = Info.plist; sourceTree = "<group>"; };
		B4E6072623D99113005D2CCC /* ProductInfo.swift */ = {isa = PBXFileReference; lastKnownFileType = sourcecode.swift; path = ProductInfo.swift; sourceTree = "<group>"; };
		B4F5990823C69F4C009527A8 /* FeatherProduct.swift */ = {isa = PBXFileReference; lastKnownFileType = sourcecode.swift; path = FeatherProduct.swift; sourceTree = "<group>"; };
		B4F5990A23C69F79009527A8 /* Constants.swift */ = {isa = PBXFileReference; lastKnownFileType = sourcecode.swift; path = Constants.swift; sourceTree = "<group>"; };
		C61CB6C7B91C594762D227F5 /* Pods-Feather.debug.xcconfig */ = {isa = PBXFileReference; includeInIndex = 1; lastKnownFileType = text.xcconfig; name = "Pods-Feather.debug.xcconfig"; path = "Target Support Files/Pods-Feather/Pods-Feather.debug.xcconfig"; sourceTree = "<group>"; };
		CBB26C3B24141E3F006DD153 /* MainMenu.swift */ = {isa = PBXFileReference; fileEncoding = 4; lastKnownFileType = sourcecode.swift; path = MainMenu.swift; sourceTree = "<group>"; };
		CBBD8D1B23D6444800E7B1E5 /* EntryCollectionViewController.swift */ = {isa = PBXFileReference; lastKnownFileType = sourcecode.swift; path = EntryCollectionViewController.swift; sourceTree = "<group>"; };
		CBBD8D1D23D66A4A00E7B1E5 /* CollectionViewCell.swift */ = {isa = PBXFileReference; lastKnownFileType = sourcecode.swift; path = CollectionViewCell.swift; sourceTree = "<group>"; };
		CBEA664923E890970006DFB0 /* FeatherUITests.xctest */ = {isa = PBXFileReference; explicitFileType = wrapper.cfbundle; includeInIndex = 0; path = FeatherUITests.xctest; sourceTree = BUILT_PRODUCTS_DIR; };
		CBEA664B23E890970006DFB0 /* FeatherUITests.swift */ = {isa = PBXFileReference; lastKnownFileType = sourcecode.swift; path = FeatherUITests.swift; sourceTree = "<group>"; };
		CBEA664D23E890970006DFB0 /* Info.plist */ = {isa = PBXFileReference; lastKnownFileType = text.plist.xml; path = Info.plist; sourceTree = "<group>"; };
		FC265D682416298E00C989BB /* MyRoutine.swift */ = {isa = PBXFileReference; lastKnownFileType = sourcecode.swift; path = MyRoutine.swift; sourceTree = "<group>"; };
		FC265D6A24162B4600C989BB /* AddProducts.swift */ = {isa = PBXFileReference; lastKnownFileType = sourcecode.swift; path = AddProducts.swift; sourceTree = "<group>"; };
		FCCE9A34241640390048C099 /* ProductRow.swift */ = {isa = PBXFileReference; lastKnownFileType = sourcecode.swift; path = ProductRow.swift; sourceTree = "<group>"; };
/* End PBXFileReference section */

/* Begin PBXFrameworksBuildPhase section */
		B4C4DE07236789E000501A10 /* Frameworks */ = {
			isa = PBXFrameworksBuildPhase;
			buildActionMask = 2147483647;
			files = (
				0F23459B7B846DD797784B06 /* Pods_Feather.framework in Frameworks */,
			);
			runOnlyForDeploymentPostprocessing = 0;
		};
		B4C4DE282369228E00501A10 /* Frameworks */ = {
			isa = PBXFrameworksBuildPhase;
			buildActionMask = 2147483647;
			files = (
				424194EA73F56C55864F67D4 /* Pods_FeatherTests.framework in Frameworks */,
			);
			runOnlyForDeploymentPostprocessing = 0;
		};
		CBEA664623E890970006DFB0 /* Frameworks */ = {
			isa = PBXFrameworksBuildPhase;
			buildActionMask = 2147483647;
			files = (
			);
			runOnlyForDeploymentPostprocessing = 0;
		};
/* End PBXFrameworksBuildPhase section */

/* Begin PBXGroup section */
		51E0351217FC178A163CD49E /* Pods */ = {
			isa = PBXGroup;
			children = (
				C61CB6C7B91C594762D227F5 /* Pods-Feather.debug.xcconfig */,
				A205696437617E1BC526CDE5 /* Pods-Feather.release.xcconfig */,
				03FEC6B5B94F26C5F25B8EEB /* Pods-FeatherTests.debug.xcconfig */,
				7BF3672429CA2D6C89AD6728 /* Pods-FeatherTests.release.xcconfig */,
			);
			path = Pods;
			sourceTree = "<group>";
		};
		B4C4DE01236789E000501A10 = {
			isa = PBXGroup;
			children = (
				B4C4B60923C927DD0022C6B4 /* GoogleService-Info.plist */,
				B4C4DE0C236789E000501A10 /* Feather */,
				B4C4DE2C2369228E00501A10 /* FeatherTests */,
				CBEA664A23E890970006DFB0 /* FeatherUITests */,
				B4C4DE0B236789E000501A10 /* Products */,
				51E0351217FC178A163CD49E /* Pods */,
				F91E3C0726D08935DDAA8160 /* Frameworks */,
			);
			sourceTree = "<group>";
		};
		B4C4DE0B236789E000501A10 /* Products */ = {
			isa = PBXGroup;
			children = (
				B4C4DE0A236789E000501A10 /* Feather.app */,
				B4C4DE2B2369228E00501A10 /* FeatherTests.xctest */,
				CBEA664923E890970006DFB0 /* FeatherUITests.xctest */,
			);
			name = Products;
			sourceTree = "<group>";
		};
		B4C4DE0C236789E000501A10 /* Feather */ = {
			isa = PBXGroup;
			children = (
				B42B9FDC239889D9006356EA /* Allergies.swift */,
				B4C4DE0D236789E000501A10 /* AppDelegate.swift */,
				B4C4DE16236789E100501A10 /* Assets.xcassets */,
				B47063042398B4AE00A5DC43 /* BadProducts.swift */,
				CBBD8D1D23D66A4A00E7B1E5 /* CollectionViewCell.swift */,
				B4F5990A23C69F79009527A8 /* Constants.swift */,
				B4861BBF23C683A6003BE557 /* CreateEntry.swift */,
				CBBD8D1B23D6444800E7B1E5 /* EntryCollectionViewController.swift */,
				B4861BBD23C6838A003BE557 /* EntryDetails.swift */,
				B4F5990823C69F4C009527A8 /* FeatherProduct.swift */,
				B4C4DE1B236789E100501A10 /* Info.plist */,
				B4861BC123C683FC003BE557 /* JournalPage.swift */,
				B4C4DE18236789E100501A10 /* LaunchScreen.storyboard */,
				B4C4DE13236789E000501A10 /* Main.storyboard */,
				FCCE9A34241640390048C099 /* ProductRow.swift */,
				FC265D682416298E00C989BB /* MyRoutine.swift */,
				FC265D6A24162B4600C989BB /* AddProducts.swift */,
				CBB26C3B24141E3F006DD153 /* MainMenu.swift */,
				B4E6072623D99113005D2CCC /* ProductInfo.swift */,
				B4B53206236ABF8100B8304E /* Ranking.swift */,
				B4C4DE0F236789E000501A10 /* SceneDelegate.swift */,
				B47D7BF3236AA44E00BA9707 /* SignUpScreen.swift */,
				B4C4DE212368135000501A10 /* SkinProfile.swift */,
				B4C4DE23236819FE00501A10 /* ViewController.swift */,
			);
			path = Feather;
			sourceTree = "<group>";
		};
		B4C4DE2C2369228E00501A10 /* FeatherTests */ = {
			isa = PBXGroup;
			children = (
				B4C4DE2D2369228E00501A10 /* FeatherTests.swift */,
				B4C4DE2F2369228E00501A10 /* Info.plist */,
			);
			path = FeatherTests;
			sourceTree = "<group>";
		};
		CBEA664A23E890970006DFB0 /* FeatherUITests */ = {
			isa = PBXGroup;
			children = (
				CBEA664B23E890970006DFB0 /* FeatherUITests.swift */,
				CBEA664D23E890970006DFB0 /* Info.plist */,
			);
			path = FeatherUITests;
			sourceTree = "<group>";
		};
		F91E3C0726D08935DDAA8160 /* Frameworks */ = {
			isa = PBXGroup;
			children = (
				02683F3C3864E48C51841B57 /* Pods_Feather.framework */,
				7F7B236B6727CB25F13D2FAC /* Pods_FeatherTests.framework */,
			);
			name = Frameworks;
			sourceTree = "<group>";
		};
/* End PBXGroup section */

/* Begin PBXNativeTarget section */
		B4C4DE09236789E000501A10 /* Feather */ = {
			isa = PBXNativeTarget;
			buildConfigurationList = B4C4DE1E236789E100501A10 /* Build configuration list for PBXNativeTarget "Feather" */;
			buildPhases = (
				7CD5D8E214A71C12302C2995 /* [CP] Check Pods Manifest.lock */,
				B4C4DE06236789E000501A10 /* Sources */,
				B4C4DE07236789E000501A10 /* Frameworks */,
				B4C4DE08236789E000501A10 /* Resources */,
				DCACDEC114A8B53D44789F25 /* [CP] Embed Pods Frameworks */,
				A6D3C0AFEBD01C81AE190150 /* [CP] Copy Pods Resources */,
			);
			buildRules = (
			);
			dependencies = (
			);
			name = Feather;
			productName = Feather;
			productReference = B4C4DE0A236789E000501A10 /* Feather.app */;
			productType = "com.apple.product-type.application";
		};
		B4C4DE2A2369228E00501A10 /* FeatherTests */ = {
			isa = PBXNativeTarget;
			buildConfigurationList = B4C4DE322369228E00501A10 /* Build configuration list for PBXNativeTarget "FeatherTests" */;
			buildPhases = (
				200B7A70DD855222B894C6C2 /* [CP] Check Pods Manifest.lock */,
				B4C4DE272369228E00501A10 /* Sources */,
				B4C4DE282369228E00501A10 /* Frameworks */,
				B4C4DE292369228E00501A10 /* Resources */,
			);
			buildRules = (
			);
			dependencies = (
				B4C4DE312369228E00501A10 /* PBXTargetDependency */,
			);
			name = FeatherTests;
			productName = FeatherTests;
			productReference = B4C4DE2B2369228E00501A10 /* FeatherTests.xctest */;
			productType = "com.apple.product-type.bundle.unit-test";
		};
		CBEA664823E890970006DFB0 /* FeatherUITests */ = {
			isa = PBXNativeTarget;
			buildConfigurationList = CBEA665223E890970006DFB0 /* Build configuration list for PBXNativeTarget "FeatherUITests" */;
			buildPhases = (
				CBEA664523E890970006DFB0 /* Sources */,
				CBEA664623E890970006DFB0 /* Frameworks */,
				CBEA664723E890970006DFB0 /* Resources */,
			);
			buildRules = (
			);
			dependencies = (
				CBEA664F23E890970006DFB0 /* PBXTargetDependency */,
			);
			name = FeatherUITests;
			productName = FeatherUITests;
			productReference = CBEA664923E890970006DFB0 /* FeatherUITests.xctest */;
			productType = "com.apple.product-type.bundle.ui-testing";
		};
/* End PBXNativeTarget section */

/* Begin PBXProject section */
		B4C4DE02236789E000501A10 /* Project object */ = {
			isa = PBXProject;
			attributes = {
				LastSwiftUpdateCheck = 1110;
				LastUpgradeCheck = 1110;
				ORGANIZATIONNAME = CSC308_309;
				TargetAttributes = {
					B4C4DE09236789E000501A10 = {
						CreatedOnToolsVersion = 11.1;
					};
					B4C4DE2A2369228E00501A10 = {
						CreatedOnToolsVersion = 11.1;
						TestTargetID = B4C4DE09236789E000501A10;
					};
					CBEA664823E890970006DFB0 = {
						CreatedOnToolsVersion = 11.1;
						TestTargetID = B4C4DE09236789E000501A10;
					};
				};
			};
			buildConfigurationList = B4C4DE05236789E000501A10 /* Build configuration list for PBXProject "Feather" */;
			compatibilityVersion = "Xcode 9.3";
			developmentRegion = en;
			hasScannedForEncodings = 0;
			knownRegions = (
				en,
				Base,
			);
			mainGroup = B4C4DE01236789E000501A10;
			productRefGroup = B4C4DE0B236789E000501A10 /* Products */;
			projectDirPath = "";
			projectRoot = "";
			targets = (
				B4C4DE09236789E000501A10 /* Feather */,
				B4C4DE2A2369228E00501A10 /* FeatherTests */,
				CBEA664823E890970006DFB0 /* FeatherUITests */,
			);
		};
/* End PBXProject section */

/* Begin PBXResourcesBuildPhase section */
		B4C4DE08236789E000501A10 /* Resources */ = {
			isa = PBXResourcesBuildPhase;
			buildActionMask = 2147483647;
			files = (
				B4C4DE1A236789E100501A10 /* LaunchScreen.storyboard in Resources */,
				B4C4B60A23C927DD0022C6B4 /* GoogleService-Info.plist in Resources */,
				B4C4DE17236789E100501A10 /* Assets.xcassets in Resources */,
				B4C4DE15236789E000501A10 /* Main.storyboard in Resources */,
			);
			runOnlyForDeploymentPostprocessing = 0;
		};
		B4C4DE292369228E00501A10 /* Resources */ = {
			isa = PBXResourcesBuildPhase;
			buildActionMask = 2147483647;
			files = (
				B4C4B60B23C927DD0022C6B4 /* GoogleService-Info.plist in Resources */,
			);
			runOnlyForDeploymentPostprocessing = 0;
		};
		CBEA664723E890970006DFB0 /* Resources */ = {
			isa = PBXResourcesBuildPhase;
			buildActionMask = 2147483647;
			files = (
			);
			runOnlyForDeploymentPostprocessing = 0;
		};
/* End PBXResourcesBuildPhase section */

/* Begin PBXShellScriptBuildPhase section */
		200B7A70DD855222B894C6C2 /* [CP] Check Pods Manifest.lock */ = {
			isa = PBXShellScriptBuildPhase;
			buildActionMask = 2147483647;
			files = (
			);
			inputFileListPaths = (
			);
			inputPaths = (
				"${PODS_PODFILE_DIR_PATH}/Podfile.lock",
				"${PODS_ROOT}/Manifest.lock",
			);
			name = "[CP] Check Pods Manifest.lock";
			outputFileListPaths = (
			);
			outputPaths = (
				"$(DERIVED_FILE_DIR)/Pods-FeatherTests-checkManifestLockResult.txt",
			);
			runOnlyForDeploymentPostprocessing = 0;
			shellPath = /bin/sh;
			shellScript = "diff \"${PODS_PODFILE_DIR_PATH}/Podfile.lock\" \"${PODS_ROOT}/Manifest.lock\" > /dev/null\nif [ $? != 0 ] ; then\n    # print error to STDERR\n    echo \"error: The sandbox is not in sync with the Podfile.lock. Run 'pod install' or update your CocoaPods installation.\" >&2\n    exit 1\nfi\n# This output is used by Xcode 'outputs' to avoid re-running this script phase.\necho \"SUCCESS\" > \"${SCRIPT_OUTPUT_FILE_0}\"\n";
			showEnvVarsInLog = 0;
		};
		7CD5D8E214A71C12302C2995 /* [CP] Check Pods Manifest.lock */ = {
			isa = PBXShellScriptBuildPhase;
			buildActionMask = 2147483647;
			files = (
			);
			inputFileListPaths = (
			);
			inputPaths = (
				"${PODS_PODFILE_DIR_PATH}/Podfile.lock",
				"${PODS_ROOT}/Manifest.lock",
			);
			name = "[CP] Check Pods Manifest.lock";
			outputFileListPaths = (
			);
			outputPaths = (
				"$(DERIVED_FILE_DIR)/Pods-Feather-checkManifestLockResult.txt",
			);
			runOnlyForDeploymentPostprocessing = 0;
			shellPath = /bin/sh;
			shellScript = "diff \"${PODS_PODFILE_DIR_PATH}/Podfile.lock\" \"${PODS_ROOT}/Manifest.lock\" > /dev/null\nif [ $? != 0 ] ; then\n    # print error to STDERR\n    echo \"error: The sandbox is not in sync with the Podfile.lock. Run 'pod install' or update your CocoaPods installation.\" >&2\n    exit 1\nfi\n# This output is used by Xcode 'outputs' to avoid re-running this script phase.\necho \"SUCCESS\" > \"${SCRIPT_OUTPUT_FILE_0}\"\n";
			showEnvVarsInLog = 0;
		};
		A6D3C0AFEBD01C81AE190150 /* [CP] Copy Pods Resources */ = {
			isa = PBXShellScriptBuildPhase;
			buildActionMask = 2147483647;
			files = (
			);
			inputFileListPaths = (
				"${PODS_ROOT}/Target Support Files/Pods-Feather/Pods-Feather-resources-${CONFIGURATION}-input-files.xcfilelist",
			);
			name = "[CP] Copy Pods Resources";
			outputFileListPaths = (
				"${PODS_ROOT}/Target Support Files/Pods-Feather/Pods-Feather-resources-${CONFIGURATION}-output-files.xcfilelist",
			);
			runOnlyForDeploymentPostprocessing = 0;
			shellPath = /bin/sh;
			shellScript = "\"${PODS_ROOT}/Target Support Files/Pods-Feather/Pods-Feather-resources.sh\"\n";
			showEnvVarsInLog = 0;
		};
		DCACDEC114A8B53D44789F25 /* [CP] Embed Pods Frameworks */ = {
			isa = PBXShellScriptBuildPhase;
			buildActionMask = 2147483647;
			files = (
			);
			inputFileListPaths = (
				"${PODS_ROOT}/Target Support Files/Pods-Feather/Pods-Feather-frameworks-${CONFIGURATION}-input-files.xcfilelist",
			);
			name = "[CP] Embed Pods Frameworks";
			outputFileListPaths = (
				"${PODS_ROOT}/Target Support Files/Pods-Feather/Pods-Feather-frameworks-${CONFIGURATION}-output-files.xcfilelist",
			);
			runOnlyForDeploymentPostprocessing = 0;
			shellPath = /bin/sh;
			shellScript = "\"${PODS_ROOT}/Target Support Files/Pods-Feather/Pods-Feather-frameworks.sh\"\n";
			showEnvVarsInLog = 0;
		};
/* End PBXShellScriptBuildPhase section */

/* Begin PBXSourcesBuildPhase section */
		B4C4DE06236789E000501A10 /* Sources */ = {
			isa = PBXSourcesBuildPhase;
			buildActionMask = 2147483647;
			files = (
				B42B9FDD239889D9006356EA /* Allergies.swift in Sources */,
				B47D7BF4236AA44E00BA9707 /* SignUpScreen.swift in Sources */,
				B4C4DE0E236789E000501A10 /* AppDelegate.swift in Sources */,
				B4C4DE222368135000501A10 /* SkinProfile.swift in Sources */,
				B4861BBE23C6838A003BE557 /* EntryDetails.swift in Sources */,
				CBBD8D1E23D66A4A00E7B1E5 /* CollectionViewCell.swift in Sources */,
				B4C4DE24236819FE00501A10 /* ViewController.swift in Sources */,
				B4B53207236ABF8100B8304E /* Ranking.swift in Sources */,
				B4F5990B23C69F79009527A8 /* Constants.swift in Sources */,
				CBB26C3C24141E3F006DD153 /* MainMenu.swift in Sources */,
				FC265D692416298E00C989BB /* MyRoutine.swift in Sources */,
				B4E6072723D99113005D2CCC /* ProductInfo.swift in Sources */,
				B4F5990923C69F4C009527A8 /* FeatherProduct.swift in Sources */,
				B4861BC023C683A6003BE557 /* CreateEntry.swift in Sources */,
				CBBD8D1C23D6444800E7B1E5 /* EntryCollectionViewController.swift in Sources */,
				FCCE9A35241640390048C099 /* ProductRow.swift in Sources */,
				B4C4DE10236789E000501A10 /* SceneDelegate.swift in Sources */,
				B4861BC223C683FC003BE557 /* JournalPage.swift in Sources */,
				B47063052398B4AE00A5DC43 /* BadProducts.swift in Sources */,
				FC265D6B24162B4600C989BB /* AddProducts.swift in Sources */,
			);
			runOnlyForDeploymentPostprocessing = 0;
		};
		B4C4DE272369228E00501A10 /* Sources */ = {
			isa = PBXSourcesBuildPhase;
			buildActionMask = 2147483647;
			files = (
				B4C4DE2E2369228E00501A10 /* FeatherTests.swift in Sources */,
			);
			runOnlyForDeploymentPostprocessing = 0;
		};
		CBEA664523E890970006DFB0 /* Sources */ = {
			isa = PBXSourcesBuildPhase;
			buildActionMask = 2147483647;
			files = (
				CBEA664C23E890970006DFB0 /* FeatherUITests.swift in Sources */,
			);
			runOnlyForDeploymentPostprocessing = 0;
		};
/* End PBXSourcesBuildPhase section */

/* Begin PBXTargetDependency section */
		B4C4DE312369228E00501A10 /* PBXTargetDependency */ = {
			isa = PBXTargetDependency;
			target = B4C4DE09236789E000501A10 /* Feather */;
			targetProxy = B4C4DE302369228E00501A10 /* PBXContainerItemProxy */;
		};
		CBEA664F23E890970006DFB0 /* PBXTargetDependency */ = {
			isa = PBXTargetDependency;
			target = B4C4DE09236789E000501A10 /* Feather */;
			targetProxy = CBEA664E23E890970006DFB0 /* PBXContainerItemProxy */;
		};
/* End PBXTargetDependency section */

/* Begin PBXVariantGroup section */
		B4C4DE13236789E000501A10 /* Main.storyboard */ = {
			isa = PBXVariantGroup;
			children = (
				B4C4DE14236789E000501A10 /* Base */,
			);
			name = Main.storyboard;
			sourceTree = "<group>";
		};
		B4C4DE18236789E100501A10 /* LaunchScreen.storyboard */ = {
			isa = PBXVariantGroup;
			children = (
				B4C4DE19236789E100501A10 /* Base */,
			);
			name = LaunchScreen.storyboard;
			sourceTree = "<group>";
		};
/* End PBXVariantGroup section */

/* Begin XCBuildConfiguration section */
		B4C4DE1C236789E100501A10 /* Debug */ = {
			isa = XCBuildConfiguration;
			buildSettings = {
				ALWAYS_SEARCH_USER_PATHS = NO;
				CLANG_ANALYZER_NONNULL = YES;
				CLANG_ANALYZER_NUMBER_OBJECT_CONVERSION = YES_AGGRESSIVE;
				CLANG_CXX_LANGUAGE_STANDARD = "gnu++14";
				CLANG_CXX_LIBRARY = "libc++";
				CLANG_ENABLE_MODULES = YES;
				CLANG_ENABLE_OBJC_ARC = YES;
				CLANG_ENABLE_OBJC_WEAK = YES;
				CLANG_WARN_BLOCK_CAPTURE_AUTORELEASING = YES;
				CLANG_WARN_BOOL_CONVERSION = YES;
				CLANG_WARN_COMMA = YES;
				CLANG_WARN_CONSTANT_CONVERSION = YES;
				CLANG_WARN_DEPRECATED_OBJC_IMPLEMENTATIONS = YES;
				CLANG_WARN_DIRECT_OBJC_ISA_USAGE = YES_ERROR;
				CLANG_WARN_DOCUMENTATION_COMMENTS = YES;
				CLANG_WARN_EMPTY_BODY = YES;
				CLANG_WARN_ENUM_CONVERSION = YES;
				CLANG_WARN_INFINITE_RECURSION = YES;
				CLANG_WARN_INT_CONVERSION = YES;
				CLANG_WARN_NON_LITERAL_NULL_CONVERSION = YES;
				CLANG_WARN_OBJC_IMPLICIT_RETAIN_SELF = YES;
				CLANG_WARN_OBJC_LITERAL_CONVERSION = YES;
				CLANG_WARN_OBJC_ROOT_CLASS = YES_ERROR;
				CLANG_WARN_RANGE_LOOP_ANALYSIS = YES;
				CLANG_WARN_STRICT_PROTOTYPES = YES;
				CLANG_WARN_SUSPICIOUS_MOVE = YES;
				CLANG_WARN_UNGUARDED_AVAILABILITY = YES_AGGRESSIVE;
				CLANG_WARN_UNREACHABLE_CODE = YES;
				CLANG_WARN__DUPLICATE_METHOD_MATCH = YES;
				COPY_PHASE_STRIP = NO;
				DEBUG_INFORMATION_FORMAT = dwarf;
				ENABLE_STRICT_OBJC_MSGSEND = YES;
				ENABLE_TESTABILITY = YES;
				GCC_C_LANGUAGE_STANDARD = gnu11;
				GCC_DYNAMIC_NO_PIC = NO;
				GCC_NO_COMMON_BLOCKS = YES;
				GCC_OPTIMIZATION_LEVEL = 0;
				GCC_PREPROCESSOR_DEFINITIONS = (
					"DEBUG=1",
					"$(inherited)",
				);
				GCC_WARN_64_TO_32_BIT_CONVERSION = YES;
				GCC_WARN_ABOUT_RETURN_TYPE = YES_ERROR;
				GCC_WARN_UNDECLARED_SELECTOR = YES;
				GCC_WARN_UNINITIALIZED_AUTOS = YES_AGGRESSIVE;
				GCC_WARN_UNUSED_FUNCTION = YES;
				GCC_WARN_UNUSED_VARIABLE = YES;
				IPHONEOS_DEPLOYMENT_TARGET = 13.1;
				MTL_ENABLE_DEBUG_INFO = INCLUDE_SOURCE;
				MTL_FAST_MATH = YES;
				ONLY_ACTIVE_ARCH = YES;
				SDKROOT = iphoneos;
				SWIFT_ACTIVE_COMPILATION_CONDITIONS = DEBUG;
				SWIFT_OPTIMIZATION_LEVEL = "-Onone";
			};
			name = Debug;
		};
		B4C4DE1D236789E100501A10 /* Release */ = {
			isa = XCBuildConfiguration;
			buildSettings = {
				ALWAYS_SEARCH_USER_PATHS = NO;
				CLANG_ANALYZER_NONNULL = YES;
				CLANG_ANALYZER_NUMBER_OBJECT_CONVERSION = YES_AGGRESSIVE;
				CLANG_CXX_LANGUAGE_STANDARD = "gnu++14";
				CLANG_CXX_LIBRARY = "libc++";
				CLANG_ENABLE_MODULES = YES;
				CLANG_ENABLE_OBJC_ARC = YES;
				CLANG_ENABLE_OBJC_WEAK = YES;
				CLANG_WARN_BLOCK_CAPTURE_AUTORELEASING = YES;
				CLANG_WARN_BOOL_CONVERSION = YES;
				CLANG_WARN_COMMA = YES;
				CLANG_WARN_CONSTANT_CONVERSION = YES;
				CLANG_WARN_DEPRECATED_OBJC_IMPLEMENTATIONS = YES;
				CLANG_WARN_DIRECT_OBJC_ISA_USAGE = YES_ERROR;
				CLANG_WARN_DOCUMENTATION_COMMENTS = YES;
				CLANG_WARN_EMPTY_BODY = YES;
				CLANG_WARN_ENUM_CONVERSION = YES;
				CLANG_WARN_INFINITE_RECURSION = YES;
				CLANG_WARN_INT_CONVERSION = YES;
				CLANG_WARN_NON_LITERAL_NULL_CONVERSION = YES;
				CLANG_WARN_OBJC_IMPLICIT_RETAIN_SELF = YES;
				CLANG_WARN_OBJC_LITERAL_CONVERSION = YES;
				CLANG_WARN_OBJC_ROOT_CLASS = YES_ERROR;
				CLANG_WARN_RANGE_LOOP_ANALYSIS = YES;
				CLANG_WARN_STRICT_PROTOTYPES = YES;
				CLANG_WARN_SUSPICIOUS_MOVE = YES;
				CLANG_WARN_UNGUARDED_AVAILABILITY = YES_AGGRESSIVE;
				CLANG_WARN_UNREACHABLE_CODE = YES;
				CLANG_WARN__DUPLICATE_METHOD_MATCH = YES;
				COPY_PHASE_STRIP = NO;
				DEBUG_INFORMATION_FORMAT = "dwarf-with-dsym";
				ENABLE_NS_ASSERTIONS = NO;
				ENABLE_STRICT_OBJC_MSGSEND = YES;
				GCC_C_LANGUAGE_STANDARD = gnu11;
				GCC_NO_COMMON_BLOCKS = YES;
				GCC_WARN_64_TO_32_BIT_CONVERSION = YES;
				GCC_WARN_ABOUT_RETURN_TYPE = YES_ERROR;
				GCC_WARN_UNDECLARED_SELECTOR = YES;
				GCC_WARN_UNINITIALIZED_AUTOS = YES_AGGRESSIVE;
				GCC_WARN_UNUSED_FUNCTION = YES;
				GCC_WARN_UNUSED_VARIABLE = YES;
				IPHONEOS_DEPLOYMENT_TARGET = 13.1;
				MTL_ENABLE_DEBUG_INFO = NO;
				MTL_FAST_MATH = YES;
				SDKROOT = iphoneos;
				SWIFT_COMPILATION_MODE = wholemodule;
				SWIFT_OPTIMIZATION_LEVEL = "-O";
				VALIDATE_PRODUCT = YES;
			};
			name = Release;
		};
		B4C4DE1F236789E100501A10 /* Debug */ = {
			isa = XCBuildConfiguration;
			baseConfigurationReference = C61CB6C7B91C594762D227F5 /* Pods-Feather.debug.xcconfig */;
			buildSettings = {
				ASSETCATALOG_COMPILER_APPICON_NAME = AppIcon;
				CODE_SIGN_STYLE = Automatic;
				DEVELOPMENT_TEAM = J277WPWLFM;
				INFOPLIST_FILE = Feather/Info.plist;
				LD_RUNPATH_SEARCH_PATHS = (
					"$(inherited)",
					"@executable_path/Frameworks",
				);
				PRODUCT_BUNDLE_IDENTIFIER = "com.308-309.Feather";
				PRODUCT_NAME = "$(TARGET_NAME)";
				SWIFT_VERSION = 5.0;
				TARGETED_DEVICE_FAMILY = "1,2";
			};
			name = Debug;
		};
		B4C4DE20236789E100501A10 /* Release */ = {
			isa = XCBuildConfiguration;
			baseConfigurationReference = A205696437617E1BC526CDE5 /* Pods-Feather.release.xcconfig */;
			buildSettings = {
				ASSETCATALOG_COMPILER_APPICON_NAME = AppIcon;
				CODE_SIGN_STYLE = Automatic;
				DEVELOPMENT_TEAM = J277WPWLFM;
				INFOPLIST_FILE = Feather/Info.plist;
				LD_RUNPATH_SEARCH_PATHS = (
					"$(inherited)",
					"@executable_path/Frameworks",
				);
				PRODUCT_BUNDLE_IDENTIFIER = "com.308-309.Feather";
				PRODUCT_NAME = "$(TARGET_NAME)";
				SWIFT_VERSION = 5.0;
				TARGETED_DEVICE_FAMILY = "1,2";
			};
			name = Release;
		};
		B4C4DE332369228E00501A10 /* Debug */ = {
			isa = XCBuildConfiguration;
			baseConfigurationReference = 03FEC6B5B94F26C5F25B8EEB /* Pods-FeatherTests.debug.xcconfig */;
			buildSettings = {
				BUNDLE_LOADER = "$(TEST_HOST)";
				CODE_SIGN_STYLE = Automatic;
				DEVELOPMENT_TEAM = J277WPWLFM;
				INFOPLIST_FILE = FeatherTests/Info.plist;
				LD_RUNPATH_SEARCH_PATHS = (
					"$(inherited)",
					"@executable_path/Frameworks",
					"@loader_path/Frameworks",
				);
				PRODUCT_BUNDLE_IDENTIFIER = "com.308-309.FeatherTests";
				PRODUCT_NAME = "$(TARGET_NAME)";
				SWIFT_VERSION = 5.0;
				TARGETED_DEVICE_FAMILY = "1,2";
				TEST_HOST = "$(BUILT_PRODUCTS_DIR)/Feather.app/Feather";
			};
			name = Debug;
		};
		B4C4DE342369228E00501A10 /* Release */ = {
			isa = XCBuildConfiguration;
			baseConfigurationReference = 7BF3672429CA2D6C89AD6728 /* Pods-FeatherTests.release.xcconfig */;
			buildSettings = {
				BUNDLE_LOADER = "$(TEST_HOST)";
				CODE_SIGN_STYLE = Automatic;
				DEVELOPMENT_TEAM = J277WPWLFM;
				INFOPLIST_FILE = FeatherTests/Info.plist;
				LD_RUNPATH_SEARCH_PATHS = (
					"$(inherited)",
					"@executable_path/Frameworks",
					"@loader_path/Frameworks",
				);
				PRODUCT_BUNDLE_IDENTIFIER = "com.308-309.FeatherTests";
				PRODUCT_NAME = "$(TARGET_NAME)";
				SWIFT_VERSION = 5.0;
				TARGETED_DEVICE_FAMILY = "1,2";
				TEST_HOST = "$(BUILT_PRODUCTS_DIR)/Feather.app/Feather";
			};
			name = Release;
		};
		CBEA665023E890970006DFB0 /* Debug */ = {
			isa = XCBuildConfiguration;
			buildSettings = {
				CODE_SIGN_STYLE = Automatic;
				INFOPLIST_FILE = FeatherUITests/Info.plist;
				LD_RUNPATH_SEARCH_PATHS = (
					"$(inherited)",
					"@executable_path/Frameworks",
					"@loader_path/Frameworks",
				);
				PRODUCT_BUNDLE_IDENTIFIER = "csc308-309.FeatherUITests";
				PRODUCT_NAME = "$(TARGET_NAME)";
				SWIFT_VERSION = 5.0;
				TARGETED_DEVICE_FAMILY = "1,2";
				TEST_TARGET_NAME = Feather;
			};
			name = Debug;
		};
		CBEA665123E890970006DFB0 /* Release */ = {
			isa = XCBuildConfiguration;
			buildSettings = {
				CODE_SIGN_STYLE = Automatic;
				INFOPLIST_FILE = FeatherUITests/Info.plist;
				LD_RUNPATH_SEARCH_PATHS = (
					"$(inherited)",
					"@executable_path/Frameworks",
					"@loader_path/Frameworks",
				);
				PRODUCT_BUNDLE_IDENTIFIER = "csc308-309.FeatherUITests";
				PRODUCT_NAME = "$(TARGET_NAME)";
				SWIFT_VERSION = 5.0;
				TARGETED_DEVICE_FAMILY = "1,2";
				TEST_TARGET_NAME = Feather;
			};
			name = Release;
		};
/* End XCBuildConfiguration section */

/* Begin XCConfigurationList section */
		B4C4DE05236789E000501A10 /* Build configuration list for PBXProject "Feather" */ = {
			isa = XCConfigurationList;
			buildConfigurations = (
				B4C4DE1C236789E100501A10 /* Debug */,
				B4C4DE1D236789E100501A10 /* Release */,
			);
			defaultConfigurationIsVisible = 0;
			defaultConfigurationName = Release;
		};
		B4C4DE1E236789E100501A10 /* Build configuration list for PBXNativeTarget "Feather" */ = {
			isa = XCConfigurationList;
			buildConfigurations = (
				B4C4DE1F236789E100501A10 /* Debug */,
				B4C4DE20236789E100501A10 /* Release */,
			);
			defaultConfigurationIsVisible = 0;
			defaultConfigurationName = Release;
		};
		B4C4DE322369228E00501A10 /* Build configuration list for PBXNativeTarget "FeatherTests" */ = {
			isa = XCConfigurationList;
			buildConfigurations = (
				B4C4DE332369228E00501A10 /* Debug */,
				B4C4DE342369228E00501A10 /* Release */,
			);
			defaultConfigurationIsVisible = 0;
			defaultConfigurationName = Release;
		};
		CBEA665223E890970006DFB0 /* Build configuration list for PBXNativeTarget "FeatherUITests" */ = {
			isa = XCConfigurationList;
			buildConfigurations = (
				CBEA665023E890970006DFB0 /* Debug */,
				CBEA665123E890970006DFB0 /* Release */,
			);
			defaultConfigurationIsVisible = 0;
			defaultConfigurationName = Release;
		};
/* End XCConfigurationList section */
	};
	rootObject = B4C4DE02236789E000501A10 /* Project object */;
}
